# This file is autogenerated, do not edit; changes may be undone by the next 'dep ensure'.


[[projects]]
  digest = "1:b16fbfbcc20645cb419f78325bb2e85ec729b338e996a228124d68931a6f2a37"
  name = "github.com/BurntSushi/toml"
  packages = ["."]
  pruneopts = "UT"
  revision = "b26d9c308763d68093482582cea63d69be07a0f0"
  version = "v0.3.0"

[[projects]]
  digest = "1:c4a2528ccbcabf90f9f3c464a5fc9e302d592861bbfd0b7135a7de8a943d0406"
  name = "github.com/go-stack/stack"
  packages = ["."]
  pruneopts = "UT"
  revision = "259ab82a6cad3992b4e21ff5cac294ccb06474bc"
  version = "v1.7.0"

[[projects]]
  digest = "1:e96640e5b9ce93e2d7ee18f48048483080fd23e72e3c38bc17e9c8b77062031a"
  name = "github.com/inconshreveable/log15"
  packages = ["."]
  pruneopts = "UT"
  revision = "67afb5ed74ec82fd7ac8f49d27c509ac6f991970"
  version = "v2.14"

[[projects]]
  digest = "1:5201d435c156e730eedb0ce43d47b102860d514cb082fbe4b5cd837d5d6e3ac8"
  name = "github.com/kevinburke/bigtext"
  packages = ["."]
  pruneopts = "UT"
  revision = "fd72dcfb912b32532896bbc98413e5bd425eb315"
  version = "0.2"

[[projects]]
  digest = "1:932d5ede27e2a57e614838e03fb5e06986674e0fd04ee2b8f3cbac00ae060649"
  name = "github.com/kevinburke/go-git"
  packages = ["."]
  pruneopts = "UT"
  revision = "da65f3cfe562df3928c9fd53b24030389ba00cd7"
  version = "0.5"

[[projects]]
  digest = "1:75e15828c81173f473ebcfd7bba8a8aa75ab45b3e21aab88daa4220411ffd954"
  name = "github.com/kevinburke/go-types"
  packages = ["."]
  pruneopts = "UT"
  revision = "19e2165c29024957a2e2f8cf450a0e663a3473e4"
  version = "0.22"

[[projects]]
  digest = "1:c34274a85e6b86a0bedded8671647fbf9b84a73411e5b04beaf75ff34596b117"
  name = "github.com/kevinburke/go.uuid"
  packages = ["."]
  pruneopts = "UT"
  revision = "24443c65ec63d9e040fd4cedf0f1048b5d3544f7"
  version = "v1.2.0"

[[projects]]
  branch = "master"
  digest = "1:7ed570a2ce30c16fe584b88d413e81fb1cc7e1063345c0eb84404b2b384c405e"
  name = "github.com/kevinburke/remoteci"
  packages = ["."]
  pruneopts = "UT"
  revision = "ee9c25e439ff142d5b938bf86206134add9c817d"

[[projects]]
  digest = "1:845499a098466583d495702a2945c19da6b5c6c436397726f00b4da1aee3da2e"
  name = "github.com/kevinburke/rest"
  packages = ["."]
  pruneopts = "UT"
  revision = "54a8b110959553907c102f05f4182840d8f1c92c"
  version = "2.1"

[[projects]]
  branch = "master"
  digest = "1:06402d862c791d0435d2f405779b61c296ff45d9f27c7e396c8271ca9026bb77"
  name = "github.com/knq/ini"
  packages = [
    ".",
    "parser",
  ]
  pruneopts = "UT"
  revision = "8cb74d724335215281fdb5dd82059ec0012bc79e"

[[projects]]
  digest = "1:0f96ec4151a24d7bfd4298fc13cc320a000e31b4e5431cf88e3ffc961db846fd"
  name = "github.com/mattn/go-colorable"
  packages = ["."]
  pruneopts = "UT"
  revision = "efa589957cd060542a26d2dd7832fd6a6c6c3ade"

[[projects]]
  digest = "1:d4d17353dbd05cb52a2a52b7fe1771883b682806f68db442b436294926bbfafb"
  name = "github.com/mattn/go-isatty"
  packages = ["."]
  pruneopts = "UT"
  revision = "0360b2af4f38e8d38c7fce2a9f4e702702d73a39"
  version = "v0.0.3"

[[projects]]
  branch = "master"
  digest = "1:7b4cd865877639770d2711dc6278b98466be7ebbe5cdf2c933659b73d6e58213"
  name = "github.com/pkg/browser"
  packages = ["."]
  pruneopts = "UT"
  revision = "c90ca0c84f15f81c982e32665bffd8d7aac8f097"

[[projects]]
  branch = "master"
  digest = "1:3f3a05ae0b95893d90b9b3b5afdb79a9b3d96e4e36e099d841ae602e4aca0da8"
  name = "golang.org/x/crypto"
  packages = ["ssh/terminal"]
  pruneopts = "UT"
  revision = "614d502a4dac94afa3a6ce146bd1736da82514c6"

[[projects]]
  branch = "master"
  digest = "1:76ee51c3f468493aff39dbacc401e8831fbb765104cbf613b89bef01cf4bad70"
  name = "golang.org/x/net"
  packages = ["context"]
  pruneopts = "UT"
  revision = "aaf60122140d3fcf75376d319f0554393160eb50"

[[projects]]
  branch = "master"
  digest = "1:39ebcc2b11457b703ae9ee2e8cca0f68df21969c6102cb3b705f76cca0ea0239"
  name = "golang.org/x/sync"
  packages = ["errgroup"]
  pruneopts = "UT"
  revision = "1d60e4601c6fd243af51cc01ddf169918a5407ca"

[[projects]]
  branch = "master"
  digest = "1:e5f1274f1fb891d9dac94ea499b4cf457217b6d2face92ce8730f814c99bc743"
  name = "golang.org/x/sys"
  packages = [
    "unix",
    "windows",
  ]
  pruneopts = "UT"
  revision = "1a700e749ce29638d0bbcb531cce1094ea096bd3"

[[projects]]
  branch = "v2"
  digest = "1:2642fd0b6900c77247d61d80cf2eb59a374ef4ffc2d25a1b95b87dc355b2894e"
  name = "gopkg.in/mgo.v2"
  packages = [
    "bson",
    "internal/json",
  ]
  pruneopts = "UT"
  revision = "9856a29383ce1c59f308dd1cf0363a79b5bef6b5"

[solve-meta]
  analyzer-name = "dep"
  analyzer-version = 1
  input-imports = [
    "github.com/BurntSushi/toml",
    "github.com/kevinburke/bigtext",
    "github.com/kevinburke/go-git",
    "github.com/kevinburke/go-types",
    "github.com/kevinburke/remoteci",
    "github.com/kevinburke/rest",
    "github.com/knq/ini",
    "github.com/mattn/go-colorable",
    "github.com/pkg/browser",
    "golang.org/x/crypto/ssh/terminal",
    "golang.org/x/sync/errgroup",
  ]
  solver-name = "gps-cdcl"
  solver-version = 1
